
Microsoft Visual Studio Solution File, Format Version 12.00
# Visual Studio Version 17
VisualStudioVersion = 17.3.32825.248
MinimumVisualStudioVersion = 10.0.40219.1
Project("{FAE04EC0-301F-11D3-BF4B-00C04F79EFBC}") = "Dictionary_24_Sept", "Dictionary_24_Sept\Dictionary_24_Sept.csproj", "{6DE7011C-3FB2-4F74-AE48-D9D80D23E64F}"
EndProject
Global
	GlobalSection(SolutionConfigurationPlatforms) = preSolution
		Debug|Any CPU = Debug|Any CPU
		Release|Any CPU = Release|Any CPU
	EndGlobalSection
	GlobalSection(ProjectConfigurationPlatforms) = postSolution
		{6DE7011C-3FB2-4F74-AE48-D9D80D23E64F}.Debug|Any CPU.ActiveCfg = Debug|Any CPU
		{6DE7011C-3FB2-4F74-AE48-D9D80D23E64F}.Debug|Any CPU.Build.0 = Debug|Any CPU
		{6DE7011C-3FB2-4F74-AE48-D9D80D23E64F}.Release|Any CPU.ActiveCfg = Release|Any CPU
		{6DE7011C-3FB2-4F74-AE48-D9D80D23E64F}.Release|Any CPU.Build.0 = Release|Any CPU
	EndGlobalSection
	GlobalSection(SolutionProperties) = preSolution
		HideSolutionNode = FALSE
	EndGlobalSection
	GlobalSection(ExtensibilityGlobals) = postSolution
		SolutionGuid = {BDD62BF0-91BD-4268-8B40-9F0F356B08AD}
	EndGlobalSection
EndGlobal
